// !$*UTF8*$!
{
	archiveVersion = 1;
	classes = {
	};
	objectVersion = 56;
	objects = {

/* Begin PBXBuildFile section */
		3B282B122B77B5F40012CE8F /* AppDelegate.swift in Sources */ = {isa = PBXBuildFile; fileRef = 3B282B112B77B5F40012CE8F /* AppDelegate.swift */; };
		3B282B142B77B5F40012CE8F /* SceneDelegate.swift in Sources */ = {isa = PBXBuildFile; fileRef = 3B282B132B77B5F40012CE8F /* SceneDelegate.swift */; };
		3B282B162B77B5F40012CE8F /* ViewController.swift in Sources */ = {isa = PBXBuildFile; fileRef = 3B282B152B77B5F40012CE8F /* ViewController.swift */; };
		3B282B192B77B5F40012CE8F /* DevMuscles.xcdatamodeld in Sources */ = {isa = PBXBuildFile; fileRef = 3B282B172B77B5F40012CE8F /* DevMuscles.xcdatamodeld */; };
		3B282B1B2B77B5F50012CE8F /* Assets.xcassets in Resources */ = {isa = PBXBuildFile; fileRef = 3B282B1A2B77B5F50012CE8F /* Assets.xcassets */; };
		3B282B1E2B77B5F50012CE8F /* LaunchScreen.storyboard in Resources */ = {isa = PBXBuildFile; fileRef = 3B282B1C2B77B5F50012CE8F /* LaunchScreen.storyboard */; };
		3B282B352B77BF510012CE8F /* ProximaNova-Bold.ttf in Resources */ = {isa = PBXBuildFile; fileRef = 3B282B292B77BF510012CE8F /* ProximaNova-Bold.ttf */; };
		3B282B372B77BF510012CE8F /* IntegralCF-Bold.ttf in Resources */ = {isa = PBXBuildFile; fileRef = 3B282B2C2B77BF510012CE8F /* IntegralCF-Bold.ttf */; };
		3B282B382B77BF510012CE8F /* IntegralCF-Bold.eot in Resources */ = {isa = PBXBuildFile; fileRef = 3B282B2D2B77BF510012CE8F /* IntegralCF-Bold.eot */; };
		3B282B392B77BF510012CE8F /* IntegralCF-ExtraBold.ttf in Resources */ = {isa = PBXBuildFile; fileRef = 3B282B2E2B77BF510012CE8F /* IntegralCF-ExtraBold.ttf */; };
		3B282B3A2B77BF510012CE8F /* IntegralCF-Regular.eot in Resources */ = {isa = PBXBuildFile; fileRef = 3B282B2F2B77BF510012CE8F /* IntegralCF-Regular.eot */; };
		3B282B3B2B77BF510012CE8F /* IntegralCF-ExtraBold.eot in Resources */ = {isa = PBXBuildFile; fileRef = 3B282B302B77BF510012CE8F /* IntegralCF-ExtraBold.eot */; };
		3B282B3C2B77BF510012CE8F /* IntegralCF-Regular.ttf in Resources */ = {isa = PBXBuildFile; fileRef = 3B282B312B77BF510012CE8F /* IntegralCF-Regular.ttf */; };
		3B282B3D2B77BF510012CE8F /* Satoshi-Bold.ttf in Resources */ = {isa = PBXBuildFile; fileRef = 3B282B332B77BF510012CE8F /* Satoshi-Bold.ttf */; };
		3B282B3E2B77BF510012CE8F /* Satoshi-Medium.ttf in Resources */ = {isa = PBXBuildFile; fileRef = 3B282B342B77BF510012CE8F /* Satoshi-Medium.ttf */; };
		3B282B412B77C0B70012CE8F /* UIFont+Extention.swift in Sources */ = {isa = PBXBuildFile; fileRef = 3B282B402B77C0B70012CE8F /* UIFont+Extention.swift */; };
		3B282B442B77C30E0012CE8F /* SnapKit in Frameworks */ = {isa = PBXBuildFile; productRef = 3B282B432B77C30E0012CE8F /* SnapKit */; };
		3B282B472B77C3290012CE8F /* RxDataSources in Frameworks */ = {isa = PBXBuildFile; productRef = 3B282B462B77C3290012CE8F /* RxDataSources */; };
		3B282B4A2B77C3400012CE8F /* RxAlamofire in Frameworks */ = {isa = PBXBuildFile; productRef = 3B282B492B77C3400012CE8F /* RxAlamofire */; };
		3B7390E92B77C82100C5EF9D /* ProximaNova-Extrabld.ttf in Resources */ = {isa = PBXBuildFile; fileRef = 3B7390E82B77C82100C5EF9D /* ProximaNova-Extrabld.ttf */; };
		3B7390EB2B77C90300C5EF9D /* AppColors.swift in Sources */ = {isa = PBXBuildFile; fileRef = 3B7390EA2B77C90300C5EF9D /* AppColors.swift */; };
		3B7390F12B77CB4E00C5EF9D /* OnboardingCoordinator.swift in Sources */ = {isa = PBXBuildFile; fileRef = 3B7390EE2B77CB4E00C5EF9D /* OnboardingCoordinator.swift */; };
		3B7390F22B77CB4E00C5EF9D /* AppCoordinator.swift in Sources */ = {isa = PBXBuildFile; fileRef = 3B7390EF2B77CB4E00C5EF9D /* AppCoordinator.swift */; };
		3B7390F32B77CB4E00C5EF9D /* Coordinator.swift in Sources */ = {isa = PBXBuildFile; fileRef = 3B7390F02B77CB4E00C5EF9D /* Coordinator.swift */; };
		3B7390FD2B77D0B900C5EF9D /* OnboardingViewPresenter.swift in Sources */ = {isa = PBXBuildFile; fileRef = 3B7390FC2B77D0B900C5EF9D /* OnboardingViewPresenter.swift */; };
		3B7390FF2B77D0DE00C5EF9D /* OnboardingViewController.swift in Sources */ = {isa = PBXBuildFile; fileRef = 3B7390FE2B77D0DE00C5EF9D /* OnboardingViewController.swift */; };
		3B7391012B77D14500C5EF9D /* OnboardingPartViewController.swift in Sources */ = {isa = PBXBuildFile; fileRef = 3B7391002B77D14500C5EF9D /* OnboardingPartViewController.swift */; };
		3B7391092B78F32B00C5EF9D /* SceneFactory.swift in Sources */ = {isa = PBXBuildFile; fileRef = 3B7391082B78F32B00C5EF9D /* SceneFactory.swift */; };
		3BD8584C2B78FB8B00759F02 /* LogInCoordinator.swift in Sources */ = {isa = PBXBuildFile; fileRef = 3BD858482B78FB8B00759F02 /* LogInCoordinator.swift */; };
		3BD8584D2B78FB8B00759F02 /* LogInViewPresenter.swift in Sources */ = {isa = PBXBuildFile; fileRef = 3BD858492B78FB8B00759F02 /* LogInViewPresenter.swift */; };
		3BD8584E2B78FB8B00759F02 /* LogInViewController.swift in Sources */ = {isa = PBXBuildFile; fileRef = 3BD8584A2B78FB8B00759F02 /* LogInViewController.swift */; };
		3BD8584F2B78FB8B00759F02 /* LogInViewModel.swift in Sources */ = {isa = PBXBuildFile; fileRef = 3BD8584B2B78FB8B00759F02 /* LogInViewModel.swift */; };
/* End PBXBuildFile section */

/* Begin PBXFileReference section */
		3B282B0E2B77B5F40012CE8F /* DevMuscles.app */ = {isa = PBXFileReference; explicitFileType = wrapper.application; includeInIndex = 0; path = DevMuscles.app; sourceTree = BUILT_PRODUCTS_DIR; };
		3B282B112B77B5F40012CE8F /* AppDelegate.swift */ = {isa = PBXFileReference; lastKnownFileType = sourcecode.swift; path = AppDelegate.swift; sourceTree = "<group>"; };
		3B282B132B77B5F40012CE8F /* SceneDelegate.swift */ = {isa = PBXFileReference; lastKnownFileType = sourcecode.swift; path = SceneDelegate.swift; sourceTree = "<group>"; };
		3B282B152B77B5F40012CE8F /* ViewController.swift */ = {isa = PBXFileReference; lastKnownFileType = sourcecode.swift; path = ViewController.swift; sourceTree = "<group>"; };
		3B282B182B77B5F40012CE8F /* DevMuscles.xcdatamodel */ = {isa = PBXFileReference; lastKnownFileType = wrapper.xcdatamodel; path = DevMuscles.xcdatamodel; sourceTree = "<group>"; };
		3B282B1A2B77B5F50012CE8F /* Assets.xcassets */ = {isa = PBXFileReference; lastKnownFileType = folder.assetcatalog; path = Assets.xcassets; sourceTree = "<group>"; };
		3B282B1D2B77B5F50012CE8F /* Base */ = {isa = PBXFileReference; lastKnownFileType = file.storyboard; name = Base; path = Base.lproj/LaunchScreen.storyboard; sourceTree = "<group>"; };
		3B282B1F2B77B5F50012CE8F /* Info.plist */ = {isa = PBXFileReference; lastKnownFileType = text.plist.xml; path = Info.plist; sourceTree = "<group>"; };
		3B282B292B77BF510012CE8F /* ProximaNova-Bold.ttf */ = {isa = PBXFileReference; lastKnownFileType = file; path = "ProximaNova-Bold.ttf"; sourceTree = "<group>"; };
		3B282B2C2B77BF510012CE8F /* IntegralCF-Bold.ttf */ = {isa = PBXFileReference; lastKnownFileType = file; path = "IntegralCF-Bold.ttf"; sourceTree = "<group>"; };
		3B282B2D2B77BF510012CE8F /* IntegralCF-Bold.eot */ = {isa = PBXFileReference; lastKnownFileType = file; path = "IntegralCF-Bold.eot"; sourceTree = "<group>"; };
		3B282B2E2B77BF510012CE8F /* IntegralCF-ExtraBold.ttf */ = {isa = PBXFileReference; lastKnownFileType = file; path = "IntegralCF-ExtraBold.ttf"; sourceTree = "<group>"; };
		3B282B2F2B77BF510012CE8F /* IntegralCF-Regular.eot */ = {isa = PBXFileReference; lastKnownFileType = file; path = "IntegralCF-Regular.eot"; sourceTree = "<group>"; };
		3B282B302B77BF510012CE8F /* IntegralCF-ExtraBold.eot */ = {isa = PBXFileReference; lastKnownFileType = file; path = "IntegralCF-ExtraBold.eot"; sourceTree = "<group>"; };
		3B282B312B77BF510012CE8F /* IntegralCF-Regular.ttf */ = {isa = PBXFileReference; lastKnownFileType = file; path = "IntegralCF-Regular.ttf"; sourceTree = "<group>"; };
		3B282B332B77BF510012CE8F /* Satoshi-Bold.ttf */ = {isa = PBXFileReference; lastKnownFileType = file; path = "Satoshi-Bold.ttf"; sourceTree = "<group>"; };
		3B282B342B77BF510012CE8F /* Satoshi-Medium.ttf */ = {isa = PBXFileReference; lastKnownFileType = file; path = "Satoshi-Medium.ttf"; sourceTree = "<group>"; };
		3B282B402B77C0B70012CE8F /* UIFont+Extention.swift */ = {isa = PBXFileReference; lastKnownFileType = sourcecode.swift; path = "UIFont+Extention.swift"; sourceTree = "<group>"; };
		3B7390E82B77C82100C5EF9D /* ProximaNova-Extrabld.ttf */ = {isa = PBXFileReference; lastKnownFileType = file; path = "ProximaNova-Extrabld.ttf"; sourceTree = "<group>"; };
		3B7390EA2B77C90300C5EF9D /* AppColors.swift */ = {isa = PBXFileReference; lastKnownFileType = sourcecode.swift; path = AppColors.swift; sourceTree = "<group>"; };
		3B7390EE2B77CB4E00C5EF9D /* OnboardingCoordinator.swift */ = {isa = PBXFileReference; lastKnownFileType = sourcecode.swift; path = OnboardingCoordinator.swift; sourceTree = "<group>"; };
		3B7390EF2B77CB4E00C5EF9D /* AppCoordinator.swift */ = {isa = PBXFileReference; lastKnownFileType = sourcecode.swift; path = AppCoordinator.swift; sourceTree = "<group>"; };
		3B7390F02B77CB4E00C5EF9D /* Coordinator.swift */ = {isa = PBXFileReference; lastKnownFileType = sourcecode.swift; path = Coordinator.swift; sourceTree = "<group>"; };
		3B7390FC2B77D0B900C5EF9D /* OnboardingViewPresenter.swift */ = {isa = PBXFileReference; lastKnownFileType = sourcecode.swift; path = OnboardingViewPresenter.swift; sourceTree = "<group>"; };
		3B7390FE2B77D0DE00C5EF9D /* OnboardingViewController.swift */ = {isa = PBXFileReference; lastKnownFileType = sourcecode.swift; path = OnboardingViewController.swift; sourceTree = "<group>"; };
		3B7391002B77D14500C5EF9D /* OnboardingPartViewController.swift */ = {isa = PBXFileReference; lastKnownFileType = sourcecode.swift; path = OnboardingPartViewController.swift; sourceTree = "<group>"; };
		3B7391082B78F32B00C5EF9D /* SceneFactory.swift */ = {isa = PBXFileReference; lastKnownFileType = sourcecode.swift; path = SceneFactory.swift; sourceTree = "<group>"; };
		3BD858482B78FB8B00759F02 /* LogInCoordinator.swift */ = {isa = PBXFileReference; lastKnownFileType = sourcecode.swift; path = LogInCoordinator.swift; sourceTree = "<group>"; };
		3BD858492B78FB8B00759F02 /* LogInViewPresenter.swift */ = {isa = PBXFileReference; lastKnownFileType = sourcecode.swift; path = LogInViewPresenter.swift; sourceTree = "<group>"; };
		3BD8584A2B78FB8B00759F02 /* LogInViewController.swift */ = {isa = PBXFileReference; lastKnownFileType = sourcecode.swift; path = LogInViewController.swift; sourceTree = "<group>"; };
		3BD8584B2B78FB8B00759F02 /* LogInViewModel.swift */ = {isa = PBXFileReference; lastKnownFileType = sourcecode.swift; path = LogInViewModel.swift; sourceTree = "<group>"; };
/* End PBXFileReference section */

/* Begin PBXFrameworksBuildPhase section */
		3B282B0B2B77B5F40012CE8F /* Frameworks */ = {
			isa = PBXFrameworksBuildPhase;
			buildActionMask = 2147483647;
			files = (
				3B282B4A2B77C3400012CE8F /* RxAlamofire in Frameworks */,
				3B282B442B77C30E0012CE8F /* SnapKit in Frameworks */,
				3B282B472B77C3290012CE8F /* RxDataSources in Frameworks */,
			);
			runOnlyForDeploymentPostprocessing = 0;
		};
/* End PBXFrameworksBuildPhase section */

/* Begin PBXGroup section */
		3B282B052B77B5F40012CE8F = {
			isa = PBXGroup;
			children = (
				3B282B102B77B5F40012CE8F /* DevMuscles */,
				3B282B0F2B77B5F40012CE8F /* Products */,
			);
			sourceTree = "<group>";
		};
		3B282B0F2B77B5F40012CE8F /* Products */ = {
			isa = PBXGroup;
			children = (
				3B282B0E2B77B5F40012CE8F /* DevMuscles.app */,
			);
			name = Products;
			sourceTree = "<group>";
		};
		3B282B102B77B5F40012CE8F /* DevMuscles */ = {
			isa = PBXGroup;
			children = (
				3B7390FA2B77D0A200C5EF9D /* Modules */,
				3B7390EC2B77CB2100C5EF9D /* NavigationLayer */,
				3B282B262B77B6E40012CE8F /* Application */,
				3B282B152B77B5F40012CE8F /* ViewController.swift */,
				3B282B252B77B6B70012CE8F /* Resources */,
			);
			path = DevMuscles;
			sourceTree = "<group>";
		};
		3B282B252B77B6B70012CE8F /* Resources */ = {
			isa = PBXGroup;
			children = (
				3B282B3F2B77C0A00012CE8F /* Extentions */,
				3B282B272B77BF420012CE8F /* Fonts */,
				3B282B1A2B77B5F50012CE8F /* Assets.xcassets */,
				3B282B1C2B77B5F50012CE8F /* LaunchScreen.storyboard */,
				3B282B1F2B77B5F50012CE8F /* Info.plist */,
				3B282B172B77B5F40012CE8F /* DevMuscles.xcdatamodeld */,
				3B7390EA2B77C90300C5EF9D /* AppColors.swift */,
			);
			path = Resources;
			sourceTree = "<group>";
		};
		3B282B262B77B6E40012CE8F /* Application */ = {
			isa = PBXGroup;
			children = (
				3B282B112B77B5F40012CE8F /* AppDelegate.swift */,
				3B282B132B77B5F40012CE8F /* SceneDelegate.swift */,
			);
			path = Application;
			sourceTree = "<group>";
		};
		3B282B272B77BF420012CE8F /* Fonts */ = {
			isa = PBXGroup;
			children = (
				3B282B2B2B77BF510012CE8F /* Integral */,
				3B282B282B77BF510012CE8F /* ProximaNova */,
				3B282B322B77BF510012CE8F /* Satoshi */,
			);
			path = Fonts;
			sourceTree = "<group>";
		};
		3B282B282B77BF510012CE8F /* ProximaNova */ = {
			isa = PBXGroup;
			children = (
				3B7390E82B77C82100C5EF9D /* ProximaNova-Extrabld.ttf */,
				3B282B292B77BF510012CE8F /* ProximaNova-Bold.ttf */,
			);
			path = ProximaNova;
			sourceTree = "<group>";
		};
		3B282B2B2B77BF510012CE8F /* Integral */ = {
			isa = PBXGroup;
			children = (
				3B282B2C2B77BF510012CE8F /* IntegralCF-Bold.ttf */,
				3B282B2D2B77BF510012CE8F /* IntegralCF-Bold.eot */,
				3B282B2E2B77BF510012CE8F /* IntegralCF-ExtraBold.ttf */,
				3B282B2F2B77BF510012CE8F /* IntegralCF-Regular.eot */,
				3B282B302B77BF510012CE8F /* IntegralCF-ExtraBold.eot */,
				3B282B312B77BF510012CE8F /* IntegralCF-Regular.ttf */,
			);
			path = Integral;
			sourceTree = "<group>";
		};
		3B282B322B77BF510012CE8F /* Satoshi */ = {
			isa = PBXGroup;
			children = (
				3B282B332B77BF510012CE8F /* Satoshi-Bold.ttf */,
				3B282B342B77BF510012CE8F /* Satoshi-Medium.ttf */,
			);
			path = Satoshi;
			sourceTree = "<group>";
		};
		3B282B3F2B77C0A00012CE8F /* Extentions */ = {
			isa = PBXGroup;
			children = (
				3B282B402B77C0B70012CE8F /* UIFont+Extention.swift */,
			);
			path = Extentions;
			sourceTree = "<group>";
		};
		3B7390EC2B77CB2100C5EF9D /* NavigationLayer */ = {
			isa = PBXGroup;
			children = (
				3B7391072B78F31000C5EF9D /* SceneFactory */,
				3B7390ED2B77CB2C00C5EF9D /* Coordinators */,
			);
			path = NavigationLayer;
			sourceTree = "<group>";
		};
		3B7390ED2B77CB2C00C5EF9D /* Coordinators */ = {
			isa = PBXGroup;
			children = (
				3B7390F02B77CB4E00C5EF9D /* Coordinator.swift */,
				3B7390EF2B77CB4E00C5EF9D /* AppCoordinator.swift */,
				3B7390EE2B77CB4E00C5EF9D /* OnboardingCoordinator.swift */,
				3BD858482B78FB8B00759F02 /* LogInCoordinator.swift */,
			);
			path = Coordinators;
			sourceTree = "<group>";
		};
		3B7390FA2B77D0A200C5EF9D /* Modules */ = {
			isa = PBXGroup;
			children = (
				3B7391022B7805DE00C5EF9D /* LogIn */,
				3B7390FB2B77D0AA00C5EF9D /* Onboarding */,
			);
			path = Modules;
			sourceTree = "<group>";
		};
		3B7390FB2B77D0AA00C5EF9D /* Onboarding */ = {
			isa = PBXGroup;
			children = (
				3B7390FC2B77D0B900C5EF9D /* OnboardingViewPresenter.swift */,
				3B7390FE2B77D0DE00C5EF9D /* OnboardingViewController.swift */,
				3B7391002B77D14500C5EF9D /* OnboardingPartViewController.swift */,
			);
			path = Onboarding;
			sourceTree = "<group>";
		};
		3B7391022B7805DE00C5EF9D /* LogIn */ = {
			isa = PBXGroup;
			children = (
				3BD858492B78FB8B00759F02 /* LogInViewPresenter.swift */,
				3BD8584A2B78FB8B00759F02 /* LogInViewController.swift */,
				3BD8584B2B78FB8B00759F02 /* LogInViewModel.swift */,
			);
			path = LogIn;
			sourceTree = "<group>";
		};
		3B7391072B78F31000C5EF9D /* SceneFactory */ = {
			isa = PBXGroup;
			children = (
				3B7391082B78F32B00C5EF9D /* SceneFactory.swift */,
			);
			path = SceneFactory;
			sourceTree = "<group>";
		};
/* End PBXGroup section */

/* Begin PBXNativeTarget section */
		3B282B0D2B77B5F40012CE8F /* DevMuscles */ = {
			isa = PBXNativeTarget;
			buildConfigurationList = 3B282B222B77B5F50012CE8F /* Build configuration list for PBXNativeTarget "DevMuscles" */;
			buildPhases = (
				3B282B0A2B77B5F40012CE8F /* Sources */,
				3B282B0B2B77B5F40012CE8F /* Frameworks */,
				3B282B0C2B77B5F40012CE8F /* Resources */,
			);
			buildRules = (
			);
			dependencies = (
			);
			name = DevMuscles;
			packageProductDependencies = (
				3B282B432B77C30E0012CE8F /* SnapKit */,
				3B282B462B77C3290012CE8F /* RxDataSources */,
				3B282B492B77C3400012CE8F /* RxAlamofire */,
			);
			productName = DevMuscles;
			productReference = 3B282B0E2B77B5F40012CE8F /* DevMuscles.app */;
			productType = "com.apple.product-type.application";
		};
/* End PBXNativeTarget section */

/* Begin PBXProject section */
		3B282B062B77B5F40012CE8F /* Project object */ = {
			isa = PBXProject;
			attributes = {
				BuildIndependentTargetsInParallel = 1;
				LastSwiftUpdateCheck = 1520;
				LastUpgradeCheck = 1520;
				TargetAttributes = {
					3B282B0D2B77B5F40012CE8F = {
						CreatedOnToolsVersion = 15.2;
					};
				};
			};
			buildConfigurationList = 3B282B092B77B5F40012CE8F /* Build configuration list for PBXProject "DevMuscles" */;
			compatibilityVersion = "Xcode 14.0";
			developmentRegion = en;
			hasScannedForEncodings = 0;
			knownRegions = (
				en,
				Base,
			);
			mainGroup = 3B282B052B77B5F40012CE8F;
			packageReferences = (
				3B282B422B77C30E0012CE8F /* XCRemoteSwiftPackageReference "SnapKit" */,
				3B282B452B77C3290012CE8F /* XCRemoteSwiftPackageReference "RxDataSources" */,
				3B282B482B77C3400012CE8F /* XCRemoteSwiftPackageReference "RxAlamofire" */,
			);
			productRefGroup = 3B282B0F2B77B5F40012CE8F /* Products */;
			projectDirPath = "";
			projectRoot = "";
			targets = (
				3B282B0D2B77B5F40012CE8F /* DevMuscles */,
			);
		};
/* End PBXProject section */

/* Begin PBXResourcesBuildPhase section */
		3B282B0C2B77B5F40012CE8F /* Resources */ = {
			isa = PBXResourcesBuildPhase;
			buildActionMask = 2147483647;
			files = (
				3B282B1B2B77B5F50012CE8F /* Assets.xcassets in Resources */,
				3B282B3D2B77BF510012CE8F /* Satoshi-Bold.ttf in Resources */,
				3B282B392B77BF510012CE8F /* IntegralCF-ExtraBold.ttf in Resources */,
				3B282B3E2B77BF510012CE8F /* Satoshi-Medium.ttf in Resources */,
				3B282B3B2B77BF510012CE8F /* IntegralCF-ExtraBold.eot in Resources */,
				3B282B3A2B77BF510012CE8F /* IntegralCF-Regular.eot in Resources */,
				3B282B3C2B77BF510012CE8F /* IntegralCF-Regular.ttf in Resources */,
				3B282B352B77BF510012CE8F /* ProximaNova-Bold.ttf in Resources */,
				3B282B1E2B77B5F50012CE8F /* LaunchScreen.storyboard in Resources */,
				3B282B372B77BF510012CE8F /* IntegralCF-Bold.ttf in Resources */,
				3B282B382B77BF510012CE8F /* IntegralCF-Bold.eot in Resources */,
				3B7390E92B77C82100C5EF9D /* ProximaNova-Extrabld.ttf in Resources */,
			);
			runOnlyForDeploymentPostprocessing = 0;
		};
/* End PBXResourcesBuildPhase section */

/* Begin PBXSourcesBuildPhase section */
		3B282B0A2B77B5F40012CE8F /* Sources */ = {
			isa = PBXSourcesBuildPhase;
			buildActionMask = 2147483647;
			files = (
				3BD8584C2B78FB8B00759F02 /* LogInCoordinator.swift in Sources */,
				3B282B162B77B5F40012CE8F /* ViewController.swift in Sources */,
				3BD8584D2B78FB8B00759F02 /* LogInViewPresenter.swift in Sources */,
				3B282B122B77B5F40012CE8F /* AppDelegate.swift in Sources */,
				3B7390FD2B77D0B900C5EF9D /* OnboardingViewPresenter.swift in Sources */,
				3B282B192B77B5F40012CE8F /* DevMuscles.xcdatamodeld in Sources */,
				3B7390F12B77CB4E00C5EF9D /* OnboardingCoordinator.swift in Sources */,
				3B7390F22B77CB4E00C5EF9D /* AppCoordinator.swift in Sources */,
				3B7391092B78F32B00C5EF9D /* SceneFactory.swift in Sources */,
				3B7391012B77D14500C5EF9D /* OnboardingPartViewController.swift in Sources */,
				3B7390EB2B77C90300C5EF9D /* AppColors.swift in Sources */,
				3B282B412B77C0B70012CE8F /* UIFont+Extention.swift in Sources */,
				3BD8584E2B78FB8B00759F02 /* LogInViewController.swift in Sources */,
				3B282B142B77B5F40012CE8F /* SceneDelegate.swift in Sources */,
				3B7390FF2B77D0DE00C5EF9D /* OnboardingViewController.swift in Sources */,
				3B7390F32B77CB4E00C5EF9D /* Coordinator.swift in Sources */,
				3BD8584F2B78FB8B00759F02 /* LogInViewModel.swift in Sources */,
			);
			runOnlyForDeploymentPostprocessing = 0;
		};
/* End PBXSourcesBuildPhase section */

/* Begin PBXVariantGroup section */
		3B282B1C2B77B5F50012CE8F /* LaunchScreen.storyboard */ = {
			isa = PBXVariantGroup;
			children = (
				3B282B1D2B77B5F50012CE8F /* Base */,
			);
			name = LaunchScreen.storyboard;
			sourceTree = "<group>";
		};
/* End PBXVariantGroup section */

/* Begin XCBuildConfiguration section */
		3B282B202B77B5F50012CE8F /* Debug */ = {
			isa = XCBuildConfiguration;
			buildSettings = {
				ALWAYS_SEARCH_USER_PATHS = NO;
				ASSETCATALOG_COMPILER_GENERATE_SWIFT_ASSET_SYMBOL_EXTENSIONS = YES;
				CLANG_ANALYZER_NONNULL = YES;
				CLANG_ANALYZER_NUMBER_OBJECT_CONVERSION = YES_AGGRESSIVE;
				CLANG_CXX_LANGUAGE_STANDARD = "gnu++20";
				CLANG_ENABLE_MODULES = YES;
				CLANG_ENABLE_OBJC_ARC = YES;
				CLANG_ENABLE_OBJC_WEAK = YES;
				CLANG_WARN_BLOCK_CAPTURE_AUTORELEASING = YES;
				CLANG_WARN_BOOL_CONVERSION = YES;
				CLANG_WARN_COMMA = YES;
				CLANG_WARN_CONSTANT_CONVERSION = YES;
				CLANG_WARN_DEPRECATED_OBJC_IMPLEMENTATIONS = YES;
				CLANG_WARN_DIRECT_OBJC_ISA_USAGE = YES_ERROR;
				CLANG_WARN_DOCUMENTATION_COMMENTS = YES;
				CLANG_WARN_EMPTY_BODY = YES;
				CLANG_WARN_ENUM_CONVERSION = YES;
				CLANG_WARN_INFINITE_RECURSION = YES;
				CLANG_WARN_INT_CONVERSION = YES;
				CLANG_WARN_NON_LITERAL_NULL_CONVERSION = YES;
				CLANG_WARN_OBJC_IMPLICIT_RETAIN_SELF = YES;
				CLANG_WARN_OBJC_LITERAL_CONVERSION = YES;
				CLANG_WARN_OBJC_ROOT_CLASS = YES_ERROR;
				CLANG_WARN_QUOTED_INCLUDE_IN_FRAMEWORK_HEADER = YES;
				CLANG_WARN_RANGE_LOOP_ANALYSIS = YES;
				CLANG_WARN_STRICT_PROTOTYPES = YES;
				CLANG_WARN_SUSPICIOUS_MOVE = YES;
				CLANG_WARN_UNGUARDED_AVAILABILITY = YES_AGGRESSIVE;
				CLANG_WARN_UNREACHABLE_CODE = YES;
				CLANG_WARN__DUPLICATE_METHOD_MATCH = YES;
				COPY_PHASE_STRIP = NO;
				DEBUG_INFORMATION_FORMAT = dwarf;
				ENABLE_STRICT_OBJC_MSGSEND = YES;
				ENABLE_TESTABILITY = YES;
				ENABLE_USER_SCRIPT_SANDBOXING = YES;
				GCC_C_LANGUAGE_STANDARD = gnu17;
				GCC_DYNAMIC_NO_PIC = NO;
				GCC_NO_COMMON_BLOCKS = YES;
				GCC_OPTIMIZATION_LEVEL = 0;
				GCC_PREPROCESSOR_DEFINITIONS = (
					"DEBUG=1",
					"$(inherited)",
				);
				GCC_WARN_64_TO_32_BIT_CONVERSION = YES;
				GCC_WARN_ABOUT_RETURN_TYPE = YES_ERROR;
				GCC_WARN_UNDECLARED_SELECTOR = YES;
				GCC_WARN_UNINITIALIZED_AUTOS = YES_AGGRESSIVE;
				GCC_WARN_UNUSED_FUNCTION = YES;
				GCC_WARN_UNUSED_VARIABLE = YES;
				IPHONEOS_DEPLOYMENT_TARGET = 17.2;
				LOCALIZATION_PREFERS_STRING_CATALOGS = YES;
				MTL_ENABLE_DEBUG_INFO = INCLUDE_SOURCE;
				MTL_FAST_MATH = YES;
				ONLY_ACTIVE_ARCH = YES;
				SDKROOT = iphoneos;
				SWIFT_ACTIVE_COMPILATION_CONDITIONS = "DEBUG $(inherited)";
				SWIFT_OPTIMIZATION_LEVEL = "-Onone";
			};
			name = Debug;
		};
		3B282B212B77B5F50012CE8F /* Release */ = {
			isa = XCBuildConfiguration;
			buildSettings = {
				ALWAYS_SEARCH_USER_PATHS = NO;
				ASSETCATALOG_COMPILER_GENERATE_SWIFT_ASSET_SYMBOL_EXTENSIONS = YES;
				CLANG_ANALYZER_NONNULL = YES;
				CLANG_ANALYZER_NUMBER_OBJECT_CONVERSION = YES_AGGRESSIVE;
				CLANG_CXX_LANGUAGE_STANDARD = "gnu++20";
				CLANG_ENABLE_MODULES = YES;
				CLANG_ENABLE_OBJC_ARC = YES;
				CLANG_ENABLE_OBJC_WEAK = YES;
				CLANG_WARN_BLOCK_CAPTURE_AUTORELEASING = YES;
				CLANG_WARN_BOOL_CONVERSION = YES;
				CLANG_WARN_COMMA = YES;
				CLANG_WARN_CONSTANT_CONVERSION = YES;
				CLANG_WARN_DEPRECATED_OBJC_IMPLEMENTATIONS = YES;
				CLANG_WARN_DIRECT_OBJC_ISA_USAGE = YES_ERROR;
				CLANG_WARN_DOCUMENTATION_COMMENTS = YES;
				CLANG_WARN_EMPTY_BODY = YES;
				CLANG_WARN_ENUM_CONVERSION = YES;
				CLANG_WARN_INFINITE_RECURSION = YES;
				CLANG_WARN_INT_CONVERSION = YES;
				CLANG_WARN_NON_LITERAL_NULL_CONVERSION = YES;
				CLANG_WARN_OBJC_IMPLICIT_RETAIN_SELF = YES;
				CLANG_WARN_OBJC_LITERAL_CONVERSION = YES;
				CLANG_WARN_OBJC_ROOT_CLASS = YES_ERROR;
				CLANG_WARN_QUOTED_INCLUDE_IN_FRAMEWORK_HEADER = YES;
				CLANG_WARN_RANGE_LOOP_ANALYSIS = YES;
				CLANG_WARN_STRICT_PROTOTYPES = YES;
				CLANG_WARN_SUSPICIOUS_MOVE = YES;
				CLANG_WARN_UNGUARDED_AVAILABILITY = YES_AGGRESSIVE;
				CLANG_WARN_UNREACHABLE_CODE = YES;
				CLANG_WARN__DUPLICATE_METHOD_MATCH = YES;
				COPY_PHASE_STRIP = NO;
				DEBUG_INFORMATION_FORMAT = "dwarf-with-dsym";
				ENABLE_NS_ASSERTIONS = NO;
				ENABLE_STRICT_OBJC_MSGSEND = YES;
				ENABLE_USER_SCRIPT_SANDBOXING = YES;
				GCC_C_LANGUAGE_STANDARD = gnu17;
				GCC_NO_COMMON_BLOCKS = YES;
				GCC_WARN_64_TO_32_BIT_CONVERSION = YES;
				GCC_WARN_ABOUT_RETURN_TYPE = YES_ERROR;
				GCC_WARN_UNDECLARED_SELECTOR = YES;
				GCC_WARN_UNINITIALIZED_AUTOS = YES_AGGRESSIVE;
				GCC_WARN_UNUSED_FUNCTION = YES;
				GCC_WARN_UNUSED_VARIABLE = YES;
				IPHONEOS_DEPLOYMENT_TARGET = 17.2;
				LOCALIZATION_PREFERS_STRING_CATALOGS = YES;
				MTL_ENABLE_DEBUG_INFO = NO;
				MTL_FAST_MATH = YES;
				SDKROOT = iphoneos;
				SWIFT_COMPILATION_MODE = wholemodule;
				VALIDATE_PRODUCT = YES;
			};
			name = Release;
		};
		3B282B232B77B5F50012CE8F /* Debug */ = {
			isa = XCBuildConfiguration;
			buildSettings = {
				ASSETCATALOG_COMPILER_APPICON_NAME = AppIcon;
				ASSETCATALOG_COMPILER_GLOBAL_ACCENT_COLOR_NAME = AccentColor;
				CODE_SIGN_STYLE = Automatic;
				CURRENT_PROJECT_VERSION = 1;
				DEVELOPMENT_TEAM = UST3K758X8;
				GENERATE_INFOPLIST_FILE = YES;
				INFOPLIST_FILE = DevMuscles/Resources/Info.plist;
				INFOPLIST_KEY_UIApplicationSupportsIndirectInputEvents = YES;
				INFOPLIST_KEY_UILaunchStoryboardName = LaunchScreen;
				INFOPLIST_KEY_UISupportedInterfaceOrientations_iPad = "UIInterfaceOrientationPortrait UIInterfaceOrientationPortraitUpsideDown UIInterfaceOrientationLandscapeLeft UIInterfaceOrientationLandscapeRight";
				INFOPLIST_KEY_UISupportedInterfaceOrientations_iPhone = "UIInterfaceOrientationPortrait UIInterfaceOrientationLandscapeLeft UIInterfaceOrientationLandscapeRight";
				LD_RUNPATH_SEARCH_PATHS = (
					"$(inherited)",
					"@executable_path/Frameworks",
				);
				MARKETING_VERSION = 1.0;
				PRODUCT_BUNDLE_IDENTIFIER = "-Vvv.DevMuscles";
				PRODUCT_NAME = "$(TARGET_NAME)";
				SWIFT_EMIT_LOC_STRINGS = YES;
				SWIFT_VERSION = 5.0;
				TARGETED_DEVICE_FAMILY = "1,2";
			};
			name = Debug;
		};
		3B282B242B77B5F50012CE8F /* Release */ = {
			isa = XCBuildConfiguration;
			buildSettings = {
				ASSETCATALOG_COMPILER_APPICON_NAME = AppIcon;
				ASSETCATALOG_COMPILER_GLOBAL_ACCENT_COLOR_NAME = AccentColor;
				CODE_SIGN_STYLE = Automatic;
				CURRENT_PROJECT_VERSION = 1;
				DEVELOPMENT_TEAM = UST3K758X8;
				GENERATE_INFOPLIST_FILE = YES;
				INFOPLIST_FILE = DevMuscles/Resources/Info.plist;
				INFOPLIST_KEY_UIApplicationSupportsIndirectInputEvents = YES;
				INFOPLIST_KEY_UILaunchStoryboardName = LaunchScreen;
				INFOPLIST_KEY_UISupportedInterfaceOrientations_iPad = "UIInterfaceOrientationPortrait UIInterfaceOrientationPortraitUpsideDown UIInterfaceOrientationLandscapeLeft UIInterfaceOrientationLandscapeRight";
				INFOPLIST_KEY_UISupportedInterfaceOrientations_iPhone = "UIInterfaceOrientationPortrait UIInterfaceOrientationLandscapeLeft UIInterfaceOrientationLandscapeRight";
				LD_RUNPATH_SEARCH_PATHS = (
					"$(inherited)",
					"@executable_path/Frameworks",
				);
				MARKETING_VERSION = 1.0;
				PRODUCT_BUNDLE_IDENTIFIER = "-Vvv.DevMuscles";
				PRODUCT_NAME = "$(TARGET_NAME)";
				SWIFT_EMIT_LOC_STRINGS = YES;
				SWIFT_VERSION = 5.0;
				TARGETED_DEVICE_FAMILY = "1,2";
			};
			name = Release;
		};
/* End XCBuildConfiguration section */

/* Begin XCConfigurationList section */
		3B282B092B77B5F40012CE8F /* Build configuration list for PBXProject "DevMuscles" */ = {
			isa = XCConfigurationList;
			buildConfigurations = (
				3B282B202B77B5F50012CE8F /* Debug */,
				3B282B212B77B5F50012CE8F /* Release */,
			);
			defaultConfigurationIsVisible = 0;
			defaultConfigurationName = Release;
		};
		3B282B222B77B5F50012CE8F /* Build configuration list for PBXNativeTarget "DevMuscles" */ = {
			isa = XCConfigurationList;
			buildConfigurations = (
				3B282B232B77B5F50012CE8F /* Debug */,
				3B282B242B77B5F50012CE8F /* Release */,
			);
			defaultConfigurationIsVisible = 0;
			defaultConfigurationName = Release;
		};
/* End XCConfigurationList section */

/* Begin XCRemoteSwiftPackageReference section */
		3B282B422B77C30E0012CE8F /* XCRemoteSwiftPackageReference "SnapKit" */ = {
			isa = XCRemoteSwiftPackageReference;
			repositoryURL = "https://github.com/SnapKit/SnapKit";
			requirement = {
				kind = upToNextMajorVersion;
				minimumVersion = 5.7.0;
			};
		};
		3B282B452B77C3290012CE8F /* XCRemoteSwiftPackageReference "RxDataSources" */ = {
			isa = XCRemoteSwiftPackageReference;
			repositoryURL = "https://github.com/RxSwiftCommunity/RxDataSources.git";
			requirement = {
				kind = upToNextMajorVersion;
				minimumVersion = 5.0.2;
			};
		};
		3B282B482B77C3400012CE8F /* XCRemoteSwiftPackageReference "RxAlamofire" */ = {
			isa = XCRemoteSwiftPackageReference;
			repositoryURL = "https://github.com/RxSwiftCommunity/RxAlamofire";
			requirement = {
				kind = exactVersion;
				version = 6.1.1;
			};
		};
/* End XCRemoteSwiftPackageReference section */

/* Begin XCSwiftPackageProductDependency section */
		3B282B432B77C30E0012CE8F /* SnapKit */ = {
			isa = XCSwiftPackageProductDependency;
			package = 3B282B422B77C30E0012CE8F /* XCRemoteSwiftPackageReference "SnapKit" */;
			productName = SnapKit;
		};
		3B282B462B77C3290012CE8F /* RxDataSources */ = {
			isa = XCSwiftPackageProductDependency;
			package = 3B282B452B77C3290012CE8F /* XCRemoteSwiftPackageReference "RxDataSources" */;
			productName = RxDataSources;
		};
		3B282B492B77C3400012CE8F /* RxAlamofire */ = {
			isa = XCSwiftPackageProductDependency;
			package = 3B282B482B77C3400012CE8F /* XCRemoteSwiftPackageReference "RxAlamofire" */;
			productName = RxAlamofire;
		};
/* End XCSwiftPackageProductDependency section */

/* Begin XCVersionGroup section */
		3B282B172B77B5F40012CE8F /* DevMuscles.xcdatamodeld */ = {
			isa = XCVersionGroup;
			children = (
				3B282B182B77B5F40012CE8F /* DevMuscles.xcdatamodel */,
			);
			currentVersion = 3B282B182B77B5F40012CE8F /* DevMuscles.xcdatamodel */;
			path = DevMuscles.xcdatamodeld;
			sourceTree = "<group>";
			versionGroupType = wrapper.xcdatamodel;
		};
/* End XCVersionGroup section */
	};
	rootObject = 3B282B062B77B5F40012CE8F /* Project object */;
}
